
Microsoft Visual Studio Solution File, Format Version 12.00
# Visual Studio 15
VisualStudioVersion = 15.0.27703.2018
MinimumVisualStudioVersion = 10.0.40219.1
Project("{FAE04EC0-301F-11D3-BF4B-00C04F79EFBC}") = "WarframeTradeAssistant", "WarframeTradeAssistant\WarframeTradeAssistant.csproj", "{521C6460-43D2-48E8-9991-9A3765FA471C}"
EndProject
Project("{FAE04EC0-301F-11D3-BF4B-00C04F79EFBC}") = "WarframeTradeAssistantExtensionHost", "WarframeTradeAssistantExtensionHost\WarframeTradeAssistantExtensionHost.csproj", "{8A8E3925-9FFF-4CA5-9E87-82D9C6C5D5E6}"
EndProject
Project("{FAE04EC0-301F-11D3-BF4B-00C04F79EFBC}") = "Common", "Common\Common.csproj", "{122F2005-358A-4E96-9BC9-5E5BA49F3400}"
EndProject
Project("{2150E333-8FDC-42A3-9474-1A3956D46DE8}") = "Solution Items", "Solution Items", "{CDD32EA7-B99C-42B1-B1C1-35940B50D172}"
	ProjectSection(SolutionItems) = preProject
		LICENSE.txt = LICENSE.txt
		Readme.md = Readme.md
		THIRDPARTY.txt = THIRDPARTY.txt
	EndProjectSection
EndProject
Global
	GlobalSection(SolutionConfigurationPlatforms) = preSolution
		Debug|Any CPU = Debug|Any CPU
		Release|Any CPU = Release|Any CPU
	EndGlobalSection
	GlobalSection(ProjectConfigurationPlatforms) = postSolution
		{521C6460-43D2-48E8-9991-9A3765FA471C}.Debug|Any CPU.ActiveCfg = Debug|Any CPU
		{521C6460-43D2-48E8-9991-9A3765FA471C}.Debug|Any CPU.Build.0 = Debug|Any CPU
		{521C6460-43D2-48E8-9991-9A3765FA471C}.Release|Any CPU.ActiveCfg = Release|Any CPU
		{521C6460-43D2-48E8-9991-9A3765FA471C}.Release|Any CPU.Build.0 = Release|Any CPU
		{8A8E3925-9FFF-4CA5-9E87-82D9C6C5D5E6}.Debug|Any CPU.ActiveCfg = Debug|Any CPU
		{8A8E3925-9FFF-4CA5-9E87-82D9C6C5D5E6}.Debug|Any CPU.Build.0 = Debug|Any CPU
		{8A8E3925-9FFF-4CA5-9E87-82D9C6C5D5E6}.Release|Any CPU.ActiveCfg = Release|Any CPU
		{8A8E3925-9FFF-4CA5-9E87-82D9C6C5D5E6}.Release|Any CPU.Build.0 = Release|Any CPU
		{122F2005-358A-4E96-9BC9-5E5BA49F3400}.Debug|Any CPU.ActiveCfg = Debug|Any CPU
		{122F2005-358A-4E96-9BC9-5E5BA49F3400}.Debug|Any CPU.Build.0 = Debug|Any CPU
		{122F2005-358A-4E96-9BC9-5E5BA49F3400}.Release|Any CPU.ActiveCfg = Release|Any CPU
		{122F2005-358A-4E96-9BC9-5E5BA49F3400}.Release|Any CPU.Build.0 = Release|Any CPU
	EndGlobalSection
	GlobalSection(SolutionProperties) = preSolution
		HideSolutionNode = FALSE
	EndGlobalSection
	GlobalSection(ExtensibilityGlobals) = postSolution
		SolutionGuid = {56F8C281-D149-4034-90DB-55F6C1E30546}
	EndGlobalSection
EndGlobal
